// !$*UTF8*$!
{
	archiveVersion = 1;
	classes = {
	};
	objectVersion = 46;
	objects = {

/* Begin PBXBuildFile section */
		3CB050D21E179E110047587A /* AppDelegate.swift in Sources */ = {isa = PBXBuildFile; fileRef = 3CB050D11E179E110047587A /* AppDelegate.swift */; };
		3CB050D41E179E110047587A /* ViewController.swift in Sources */ = {isa = PBXBuildFile; fileRef = 3CB050D31E179E110047587A /* ViewController.swift */; };
		3CB050D71E179E110047587A /* Main.storyboard in Resources */ = {isa = PBXBuildFile; fileRef = 3CB050D51E179E110047587A /* Main.storyboard */; };
		3CB050D91E179E110047587A /* Assets.xcassets in Resources */ = {isa = PBXBuildFile; fileRef = 3CB050D81E179E110047587A /* Assets.xcassets */; };
		3CB050DC1E179E110047587A /* LaunchScreen.storyboard in Resources */ = {isa = PBXBuildFile; fileRef = 3CB050DA1E179E110047587A /* LaunchScreen.storyboard */; };
		3CB050E71E179E110047587A /* SampleTests.swift in Sources */ = {isa = PBXBuildFile; fileRef = 3CB050E61E179E110047587A /* SampleTests.swift */; };
		3CB050F21E179E110047587A /* SampleUITests.swift in Sources */ = {isa = PBXBuildFile; fileRef = 3CB050F11E179E110047587A /* SampleUITests.swift */; };
/* End PBXBuildFile section */

/* Begin PBXContainerItemProxy section */
		3CB050E31E179E110047587A /* PBXContainerItemProxy */ = {
			isa = PBXContainerItemProxy;
			containerPortal = 3CB050C61E179E110047587A /* Project object */;
			proxyType = 1;
			remoteGlobalIDString = 3CB050CD1E179E110047587A;
			remoteInfo = Sample;
		};
		3CB050EE1E179E110047587A /* PBXContainerItemProxy */ = {
			isa = PBXContainerItemProxy;
			containerPortal = 3CB050C61E179E110047587A /* Project object */;
			proxyType = 1;
			remoteGlobalIDString = 3CB050CD1E179E110047587A;
			remoteInfo = Sample;
		};
/* End PBXContainerItemProxy section */

/* Begin PBXFileReference section */
		3CB050CE1E179E110047587A /* Sample.app */ = {isa = PBXFileReference; explicitFileType = wrapper.application; includeInIndex = 0; path = Sample.app; sourceTree = BUILT_PRODUCTS_DIR; };
		3CB050D11E179E110047587A /* AppDelegate.swift */ = {isa = PBXFileReference; lastKnownFileType = sourcecode.swift; path = AppDelegate.swift; sourceTree = "<group>"; };
		3CB050D31E179E110047587A /* ViewController.swift */ = {isa = PBXFileReference; lastKnownFileType = sourcecode.swift; path = ViewController.swift; sourceTree = "<group>"; };
		3CB050D61E179E110047587A /* Base */ = {isa = PBXFileReference; lastKnownFileType = file.storyboard; name = Base; path = Base.lproj/Main.storyboard; sourceTree = "<group>"; };
		3CB050D81E179E110047587A /* Assets.xcassets */ = {isa = PBXFileReference; lastKnownFileType = folder.assetcatalog; path = Assets.xcassets; sourceTree = "<group>"; };
		3CB050DB1E179E110047587A /* Base */ = {isa = PBXFileReference; lastKnownFileType = file.storyboard; name = Base; path = Base.lproj/LaunchScreen.storyboard; sourceTree = "<group>"; };
		3CB050DD1E179E110047587A /* Info.plist */ = {isa = PBXFileReference; lastKnownFileType = text.plist.xml; path = Info.plist; sourceTree = "<group>"; };
		3CB050E21E179E110047587A /* SampleTests.xctest */ = {isa = PBXFileReference; explicitFileType = wrapper.cfbundle; includeInIndex = 0; path = SampleTests.xctest; sourceTree = BUILT_PRODUCTS_DIR; };
		3CB050E61E179E110047587A /* SampleTests.swift */ = {isa = PBXFileReference; lastKnownFileType = sourcecode.swift; path = SampleTests.swift; sourceTree = "<group>"; };
		3CB050E81E179E110047587A /* Info.plist */ = {isa = PBXFileReference; lastKnownFileType = text.plist.xml; path = Info.plist; sourceTree = "<group>"; };
		3CB050ED1E179E110047587A /* SampleUITests.xctest */ = {isa = PBXFileReference; explicitFileType = wrapper.cfbundle; includeInIndex = 0; path = SampleUITests.xctest; sourceTree = BUILT_PRODUCTS_DIR; };
		3CB050F11E179E110047587A /* SampleUITests.swift */ = {isa = PBXFileReference; lastKnownFileType = sourcecode.swift; path = SampleUITests.swift; sourceTree = "<group>"; };
		3CB050F31E179E110047587A /* Info.plist */ = {isa = PBXFileReference; lastKnownFileType = text.plist.xml; path = Info.plist; sourceTree = "<group>"; };
/* End PBXFileReference section */

/* Begin PBXFrameworksBuildPhase section */
		3CB050CB1E179E110047587A /* Frameworks */ = {
			isa = PBXFrameworksBuildPhase;
			buildActionMask = 2147483647;
			files = (
			);
			runOnlyForDeploymentPostprocessing = 0;
		};
		3CB050DF1E179E110047587A /* Frameworks */ = {
			isa = PBXFrameworksBuildPhase;
			buildActionMask = 2147483647;
			files = (
			);
			runOnlyForDeploymentPostprocessing = 0;
		};
		3CB050EA1E179E110047587A /* Frameworks */ = {
			isa = PBXFrameworksBuildPhase;
			buildActionMask = 2147483647;
			files = (
			);
			runOnlyForDeploymentPostprocessing = 0;
		};
/* End PBXFrameworksBuildPhase section */

/* Begin PBXGroup section */
		3CB050C51E179E110047587A = {
			isa = PBXGroup;
			children = (
				3CB050D01E179E110047587A /* Sample */,
				3CB050E51E179E110047587A /* SampleTests */,
				3CB050F01E179E110047587A /* SampleUITests */,
				3CB050CF1E179E110047587A /* Products */,
			);
			sourceTree = "<group>";
		};
		3CB050CF1E179E110047587A /* Products */ = {
			isa = PBXGroup;
			children = (
				3CB050CE1E179E110047587A /* Sample.app */,
				3CB050E21E179E110047587A /* SampleTests.xctest */,
				3CB050ED1E179E110047587A /* SampleUITests.xctest */,
			);
			name = Products;
			sourceTree = "<group>";
		};
		3CB050D01E179E110047587A /* Sample */ = {
			isa = PBXGroup;
			children = (
				3CB050D11E179E110047587A /* AppDelegate.swift */,
				3CB050D31E179E110047587A /* ViewController.swift */,
				3CB050D51E179E110047587A /* Main.storyboard */,
				3CB050D81E179E110047587A /* Assets.xcassets */,
				3CB050DA1E179E110047587A /* LaunchScreen.storyboard */,
				3CB050DD1E179E110047587A /* Info.plist */,
			);
			path = Sample;
			sourceTree = "<group>";
		};
		3CB050E51E179E110047587A /* SampleTests */ = {
			isa = PBXGroup;
			children = (
				3CB050E61E179E110047587A /* SampleTests.swift */,
				3CB050E81E179E110047587A /* Info.plist */,
			);
			path = SampleTests;
			sourceTree = "<group>";
		};
		3CB050F01E179E110047587A /* SampleUITests */ = {
			isa = PBXGroup;
			children = (
				3CB050F11E179E110047587A /* SampleUITests.swift */,
				3CB050F31E179E110047587A /* Info.plist */,
			);
			path = SampleUITests;
			sourceTree = "<group>";
		};
/* End PBXGroup section */

/* Begin PBXNativeTarget section */
		3CB050CD1E179E110047587A /* Sample */ = {
			isa = PBXNativeTarget;
			buildConfigurationList = 3CB050F61E179E110047587A /* Build configuration list for PBXNativeTarget "Sample" */;
			buildPhases = (
				3CB050CA1E179E110047587A /* Sources */,
				3CB050CB1E179E110047587A /* Frameworks */,
				3CB050CC1E179E110047587A /* Resources */,
			);
			buildRules = (
			);
			dependencies = (
			);
			name = Sample;
			productName = Sample;
			productReference = 3CB050CE1E179E110047587A /* Sample.app */;
			productType = "com.apple.product-type.application";
		};
		3CB050E11E179E110047587A /* SampleTests */ = {
			isa = PBXNativeTarget;
			buildConfigurationList = 3CB050F91E179E110047587A /* Build configuration list for PBXNativeTarget "SampleTests" */;
			buildPhases = (
				3CB050DE1E179E110047587A /* Sources */,
				3CB050DF1E179E110047587A /* Frameworks */,
				3CB050E01E179E110047587A /* Resources */,
			);
			buildRules = (
			);
			dependencies = (
				3CB050E41E179E110047587A /* PBXTargetDependency */,
			);
			name = SampleTests;
			productName = SampleTests;
			productReference = 3CB050E21E179E110047587A /* SampleTests.xctest */;
			productType = "com.apple.product-type.bundle.unit-test";
		};
		3CB050EC1E179E110047587A /* SampleUITests */ = {
			isa = PBXNativeTarget;
			buildConfigurationList = 3CB050FC1E179E110047587A /* Build configuration list for PBXNativeTarget "SampleUITests" */;
			buildPhases = (
				3CB050E91E179E110047587A /* Sources */,
				3CB050EA1E179E110047587A /* Frameworks */,
				3CB050EB1E179E110047587A /* Resources */,
			);
			buildRules = (
			);
			dependencies = (
				3CB050EF1E179E110047587A /* PBXTargetDependency */,
			);
			name = SampleUITests;
			productName = SampleUITests;
			productReference = 3CB050ED1E179E110047587A /* SampleUITests.xctest */;
			productType = "com.apple.product-type.bundle.ui-testing";
		};
/* End PBXNativeTarget section */

/* Begin PBXProject section */
		3CB050C61E179E110047587A /* Project object */ = {
			isa = PBXProject;
			attributes = {
				LastSwiftUpdateCheck = 0820;
				LastUpgradeCheck = 0820;
				ORGANIZATIONNAME = phicdy;
				TargetAttributes = {
					3CB050CD1E179E110047587A = {
						CreatedOnToolsVersion = 8.2.1;
						ProvisioningStyle = Automatic;
					};
					3CB050E11E179E110047587A = {
						CreatedOnToolsVersion = 8.2.1;
						ProvisioningStyle = Automatic;
						TestTargetID = 3CB050CD1E179E110047587A;
					};
					3CB050EC1E179E110047587A = {
						CreatedOnToolsVersion = 8.2.1;
						ProvisioningStyle = Automatic;
						TestTargetID = 3CB050CD1E179E110047587A;
					};
				};
			};
			buildConfigurationList = 3CB050C91E179E110047587A /* Build configuration list for PBXProject "Sample" */;
			compatibilityVersion = "Xcode 3.2";
			developmentRegion = English;
			hasScannedForEncodings = 0;
			knownRegions = (
				en,
				Base,
			);
			mainGroup = 3CB050C51E179E110047587A;
			productRefGroup = 3CB050CF1E179E110047587A /* Products */;
			projectDirPath = "";
			projectRoot = "";
			targets = (
				3CB050CD1E179E110047587A /* Sample */,
				3CB050E11E179E110047587A /* SampleTests */,
				3CB050EC1E179E110047587A /* SampleUITests */,
			);
		};
/* End PBXProject section */

/* Begin PBXResourcesBuildPhase section */
		3CB050CC1E179E110047587A /* Resources */ = {
			isa = PBXResourcesBuildPhase;
			buildActionMask = 2147483647;
			files = (
				3CB050DC1E179E110047587A /* LaunchScreen.storyboard in Resources */,
				3CB050D91E179E110047587A /* Assets.xcassets in Resources */,
				3CB050D71E179E110047587A /* Main.storyboard in Resources */,
			);
			runOnlyForDeploymentPostprocessing = 0;
		};
		3CB050E01E179E110047587A /* Resources */ = {
			isa = PBXResourcesBuildPhase;
			buildActionMask = 2147483647;
			files = (
			);
			runOnlyForDeploymentPostprocessing = 0;
		};
		3CB050EB1E179E110047587A /* Resources */ = {
			isa = PBXResourcesBuildPhase;
			buildActionMask = 2147483647;
			files = (
			);
			runOnlyForDeploymentPostprocessing = 0;
		};
/* End PBXResourcesBuildPhase section */

/* Begin PBXSourcesBuildPhase section */
		3CB050CA1E179E110047587A /* Sources */ = {
			isa = PBXSourcesBuildPhase;
			buildActionMask = 2147483647;
			files = (
				3CB050D41E179E110047587A /* ViewController.swift in Sources */,
				3CB050D21E179E110047587A /* AppDelegate.swift in Sources */,
			);
			runOnlyForDeploymentPostprocessing = 0;
		};
		3CB050DE1E179E110047587A /* Sources */ = {
			isa = PBXSourcesBuildPhase;
			buildActionMask = 2147483647;
			files = (
				3CB050E71E179E110047587A /* SampleTests.swift in Sources */,
			);
			runOnlyForDeploymentPostprocessing = 0;
		};
		3CB050E91E179E110047587A /* Sources */ = {
			isa = PBXSourcesBuildPhase;
			buildActionMask = 2147483647;
			files = (
				3CB050F21E179E110047587A /* SampleUITests.swift in Sources */,
			);
			runOnlyForDeploymentPostprocessing = 0;
		};
/* End PBXSourcesBuildPhase section */

/* Begin PBXTargetDependency section */
		3CB050E41E179E110047587A /* PBXTargetDependency */ = {
			isa = PBXTargetDependency;
			target = 3CB050CD1E179E110047587A /* Sample */;
			targetProxy = 3CB050E31E179E110047587A /* PBXContainerItemProxy */;
		};
		3CB050EF1E179E110047587A /* PBXTargetDependency */ = {
			isa = PBXTargetDependency;
			target = 3CB050CD1E179E110047587A /* Sample */;
			targetProxy = 3CB050EE1E179E110047587A /* PBXContainerItemProxy */;
		};
/* End PBXTargetDependency section */

/* Begin PBXVariantGroup section */
		3CB050D51E179E110047587A /* Main.storyboard */ = {
			isa = PBXVariantGroup;
			children = (
				3CB050D61E179E110047587A /* Base */,
			);
			name = Main.storyboard;
			sourceTree = "<group>";
		};
		3CB050DA1E179E110047587A /* LaunchScreen.storyboard */ = {
			isa = PBXVariantGroup;
			children = (
				3CB050DB1E179E110047587A /* Base */,
			);
			name = LaunchScreen.storyboard;
			sourceTree = "<group>";
		};
/* End PBXVariantGroup section */

/* Begin XCBuildConfiguration section */
		3CB050F41E179E110047587A /* Debug */ = {
			isa = XCBuildConfiguration;
			buildSettings = {
				ALWAYS_SEARCH_USER_PATHS = NO;
				CLANG_ANALYZER_NONNULL = YES;
				CLANG_CXX_LANGUAGE_STANDARD = "gnu++0x";
				CLANG_CXX_LIBRARY = "libc++";
				CLANG_ENABLE_MODULES = YES;
				CLANG_ENABLE_OBJC_ARC = YES;
				CLANG_WARN_BOOL_CONVERSION = YES;
				CLANG_WARN_CONSTANT_CONVERSION = YES;
				CLANG_WARN_DIRECT_OBJC_ISA_USAGE = YES_ERROR;
				CLANG_WARN_DOCUMENTATION_COMMENTS = YES;
				CLANG_WARN_EMPTY_BODY = YES;
				CLANG_WARN_ENUM_CONVERSION = YES;
				CLANG_WARN_INFINITE_RECURSION = YES;
				CLANG_WARN_INT_CONVERSION = YES;
				CLANG_WARN_OBJC_ROOT_CLASS = YES_ERROR;
				CLANG_WARN_SUSPICIOUS_MOVE = YES;
				CLANG_WARN_UNREACHABLE_CODE = YES;
				CLANG_WARN__DUPLICATE_METHOD_MATCH = YES;
				"CODE_SIGN_IDENTITY[sdk=iphoneos*]" = "iPhone Developer";
				COPY_PHASE_STRIP = NO;
				DEBUG_INFORMATION_FORMAT = dwarf;
				ENABLE_STRICT_OBJC_MSGSEND = YES;
				ENABLE_TESTABILITY = YES;
				GCC_C_LANGUAGE_STANDARD = gnu99;
				GCC_DYNAMIC_NO_PIC = NO;
				GCC_NO_COMMON_BLOCKS = YES;
				GCC_OPTIMIZATION_LEVEL = 0;
				GCC_PREPROCESSOR_DEFINITIONS = (
					"DEBUG=1",
					"$(inherited)",
				);
				GCC_WARN_64_TO_32_BIT_CONVERSION = YES;
				GCC_WARN_ABOUT_RETURN_TYPE = YES_ERROR;
				GCC_WARN_UNDECLARED_SELECTOR = YES;
				GCC_WARN_UNINITIALIZED_AUTOS = YES_AGGRESSIVE;
				GCC_WARN_UNUSED_FUNCTION = YES;
				GCC_WARN_UNUSED_VARIABLE = YES;
				IPHONEOS_DEPLOYMENT_TARGET = 10.2;
				MTL_ENABLE_DEBUG_INFO = YES;
				ONLY_ACTIVE_ARCH = YES;
				SDKROOT = iphoneos;
				SWIFT_ACTIVE_COMPILATION_CONDITIONS = DEBUG;
				SWIFT_OPTIMIZATION_LEVEL = "-Onone";
			};
			name = Debug;
		};
		3CB050F51E179E110047587A /* Release */ = {
			isa = XCBuildConfiguration;
			buildSettings = {
				ALWAYS_SEARCH_USER_PATHS = NO;
				CLANG_ANALYZER_NONNULL = YES;
				CLANG_CXX_LANGUAGE_STANDARD = "gnu++0x";
				CLANG_CXX_LIBRARY = "libc++";
				CLANG_ENABLE_MODULES = YES;
				CLANG_ENABLE_OBJC_ARC = YES;
				CLANG_WARN_BOOL_CONVERSION = YES;
				CLANG_WARN_CONSTANT_CONVERSION = YES;
				CLANG_WARN_DIRECT_OBJC_ISA_USAGE = YES_ERROR;
				CLANG_WARN_DOCUMENTATION_COMMENTS = YES;
				CLANG_WARN_EMPTY_BODY = YES;
				CLANG_WARN_ENUM_CONVERSION = YES;
				CLANG_WARN_INFINITE_RECURSION = YES;
				CLANG_WARN_INT_CONVERSION = YES;
				CLANG_WARN_OBJC_ROOT_CLASS = YES_ERROR;
				CLANG_WARN_SUSPICIOUS_MOVE = YES;
				CLANG_WARN_UNREACHABLE_CODE = YES;
				CLANG_WARN__DUPLICATE_METHOD_MATCH = YES;
				"CODE_SIGN_IDENTITY[sdk=iphoneos*]" = "iPhone Developer";
				COPY_PHASE_STRIP = NO;
				DEBUG_INFORMATION_FORMAT = "dwarf-with-dsym";
				ENABLE_NS_ASSERTIONS = NO;
				ENABLE_STRICT_OBJC_MSGSEND = YES;
				GCC_C_LANGUAGE_STANDARD = gnu99;
				GCC_NO_COMMON_BLOCKS = YES;
				GCC_WARN_64_TO_32_BIT_CONVERSION = YES;
				GCC_WARN_ABOUT_RETURN_TYPE = YES_ERROR;
				GCC_WARN_UNDECLARED_SELECTOR = YES;
				GCC_WARN_UNINITIALIZED_AUTOS = YES_AGGRESSIVE;
				GCC_WARN_UNUSED_FUNCTION = YES;
				GCC_WARN_UNUSED_VARIABLE = YES;
				IPHONEOS_DEPLOYMENT_TARGET = 10.2;
				MTL_ENABLE_DEBUG_INFO = NO;
				SDKROOT = iphoneos;
				SWIFT_OPTIMIZATION_LEVEL = "-Owholemodule";
				VALIDATE_PRODUCT = YES;
			};
			name = Release;
		};
		3CB050F71E179E110047587A /* Debug */ = {
			isa = XCBuildConfiguration;
			buildSettings = {
				ASSETCATALOG_COMPILER_APPICON_NAME = AppIcon;
				INFOPLIST_FILE = Sample/Info.plist;
				LD_RUNPATH_SEARCH_PATHS = "$(inherited) @executable_path/Frameworks";
				PRODUCT_BUNDLE_IDENTIFIER = com.self.phicdy.Sample;
				PRODUCT_NAME = "$(TARGET_NAME)";
				SWIFT_VERSION = 3.0;
			};
			name = Debug;
		};
		3CB050F81E179E110047587A /* Release */ = {
			isa = XCBuildConfiguration;
			buildSettings = {
				ASSETCATALOG_COMPILER_APPICON_NAME = AppIcon;
				INFOPLIST_FILE = Sample/Info.plist;
				LD_RUNPATH_SEARCH_PATHS = "$(inherited) @executable_path/Frameworks";
				PRODUCT_BUNDLE_IDENTIFIER = com.self.phicdy.Sample;
				PRODUCT_NAME = "$(TARGET_NAME)";
				SWIFT_VERSION = 3.0;
			};
			name = Release;
		};
		3CB050FA1E179E110047587A /* Debug */ = {
			isa = XCBuildConfiguration;
			buildSettings = {
				ALWAYS_EMBED_SWIFT_STANDARD_LIBRARIES = YES;
				BUNDLE_LOADER = "$(TEST_HOST)";
				INFOPLIST_FILE = SampleTests/Info.plist;
				LD_RUNPATH_SEARCH_PATHS = "$(inherited) @executable_path/Frameworks @loader_path/Frameworks";
				PRODUCT_BUNDLE_IDENTIFIER = com.self.phicdy.SampleTests;
				PRODUCT_NAME = "$(TARGET_NAME)";
				SWIFT_VERSION = 3.0;
				TEST_HOST = "$(BUILT_PRODUCTS_DIR)/Sample.app/Sample";
			};
			name = Debug;
		};
		3CB050FB1E179E110047587A /* Release */ = {
			isa = XCBuildConfiguration;
			buildSettings = {
				ALWAYS_EMBED_SWIFT_STANDARD_LIBRARIES = YES;
				BUNDLE_LOADER = "$(TEST_HOST)";
				INFOPLIST_FILE = SampleTests/Info.plist;
				LD_RUNPATH_SEARCH_PATHS = "$(inherited) @executable_path/Frameworks @loader_path/Frameworks";
				PRODUCT_BUNDLE_IDENTIFIER = com.self.phicdy.SampleTests;
				PRODUCT_NAME = "$(TARGET_NAME)";
				SWIFT_VERSION = 3.0;
				TEST_HOST = "$(BUILT_PRODUCTS_DIR)/Sample.app/Sample";
			};
			name = Release;
		};
		3CB050FD1E179E110047587A /* Debug */ = {
			isa = XCBuildConfiguration;
			buildSettings = {
				ALWAYS_EMBED_SWIFT_STANDARD_LIBRARIES = YES;
				INFOPLIST_FILE = SampleUITests/Info.plist;
				LD_RUNPATH_SEARCH_PATHS = "$(inherited) @executable_path/Frameworks @loader_path/Frameworks";
				PRODUCT_BUNDLE_IDENTIFIER = com.self.phicdy.SampleUITests;
				PRODUCT_NAME = "$(TARGET_NAME)";
				SWIFT_VERSION = 3.0;
				TEST_TARGET_NAME = Sample;
			};
			name = Debug;
		};
		3CB050FE1E179E110047587A /* Release */ = {
			isa = XCBuildConfiguration;
			buildSettings = {
				ALWAYS_EMBED_SWIFT_STANDARD_LIBRARIES = YES;
				INFOPLIST_FILE = SampleUITests/Info.plist;
				LD_RUNPATH_SEARCH_PATHS = "$(inherited) @executable_path/Frameworks @loader_path/Frameworks";
				PRODUCT_BUNDLE_IDENTIFIER = com.self.phicdy.SampleUITests;
				PRODUCT_NAME = "$(TARGET_NAME)";
				SWIFT_VERSION = 3.0;
				TEST_TARGET_NAME = Sample;
			};
			name = Release;
		};
/* End XCBuildConfiguration section */

/* Begin XCConfigurationList section */
		3CB050C91E179E110047587A /* Build configuration list for PBXProject "Sample" */ = {
			isa = XCConfigurationList;
			buildConfigurations = (
				3CB050F41E179E110047587A /* Debug */,
				3CB050F51E179E110047587A /* Release */,
			);
			defaultConfigurationIsVisible = 0;
			defaultConfigurationName = Release;
		};
		3CB050F61E179E110047587A /* Build configuration list for PBXNativeTarget "Sample" */ = {
			isa = XCConfigurationList;
			buildConfigurations = (
				3CB050F71E179E110047587A /* Debug */,
				3CB050F81E179E110047587A /* Release */,
			);
			defaultConfigurationIsVisible = 0;
			defaultConfigurationName = Release;
		};
		3CB050F91E179E110047587A /* Build configuration list for PBXNativeTarget "SampleTests" */ = {
			isa = XCConfigurationList;
			buildConfigurations = (
				3CB050FA1E179E110047587A /* Debug */,
				3CB050FB1E179E110047587A /* Release */,
			);
			defaultConfigurationIsVisible = 0;
			defaultConfigurationName = Release;
		};
		3CB050FC1E179E110047587A /* Build configuration list for PBXNativeTarget "SampleUITests" */ = {
			isa = XCConfigurationList;
			buildConfigurations = (
				3CB050FD1E179E110047587A /* Debug */,
				3CB050FE1E179E110047587A /* Release */,
			);
			defaultConfigurationIsVisible = 0;
			defaultConfigurationName = Release;
		};
/* End XCConfigurationList section */
	};
	rootObject = 3CB050C61E179E110047587A /* Project object */;
}
